
Microsoft Visual Studio Solution File, Format Version 12.00
# Visual Studio 15
VisualStudioVersion = 15.0.26730.12
MinimumVisualStudioVersion = 10.0.40219.1
Project("{8BC9CEB8-8B4A-11D0-8D11-00A0C91BC942}") = "indiwidTask", "indiwidTask\indiwidTask.vcxproj", "{347C4942-B7A3-419B-B419-3C98A9FA7477}"
EndProject
Global
	GlobalSection(SolutionConfigurationPlatforms) = preSolution
		Debug|x64 = Debug|x64
		Debug|x86 = Debug|x86
		Release|x64 = Release|x64
		Release|x86 = Release|x86
	EndGlobalSection
	GlobalSection(ProjectConfigurationPlatforms) = postSolution
		{347C4942-B7A3-419B-B419-3C98A9FA7477}.Debug|x64.ActiveCfg = Debug|x64
		{347C4942-B7A3-419B-B419-3C98A9FA7477}.Debug|x64.Build.0 = Debug|x64
		{347C4942-B7A3-419B-B419-3C98A9FA7477}.Debug|x86.ActiveCfg = Debug|Win32
		{347C4942-B7A3-419B-B419-3C98A9FA7477}.Debug|x86.Build.0 = Debug|Win32
		{347C4942-B7A3-419B-B419-3C98A9FA7477}.Release|x64.ActiveCfg = Release|x64
		{347C4942-B7A3-419B-B419-3C98A9FA7477}.Release|x64.Build.0 = Release|x64
		{347C4942-B7A3-419B-B419-3C98A9FA7477}.Release|x86.ActiveCfg = Release|Win32
		{347C4942-B7A3-419B-B419-3C98A9FA7477}.Release|x86.Build.0 = Release|Win32
	EndGlobalSection
	GlobalSection(SolutionProperties) = preSolution
		HideSolutionNode = FALSE
	EndGlobalSection
	GlobalSection(ExtensibilityGlobals) = postSolution
		SolutionGuid = {0CD7C5AB-787C-48F0-B035-02DABCA995F1}
	EndGlobalSection
EndGlobal
